// !$*UTF8*$!
{
	archiveVersion = 1;
	classes = {
	};
	objectVersion = 56;
	objects = {

/* Begin PBXBuildFile section */
		BFB9258F2991E8BB00ECFEB1 /* Liquid_Intake_TrackerApp.swift in Sources */ = {isa = PBXBuildFile; fileRef = BFB9258E2991E8BB00ECFEB1 /* Liquid_Intake_TrackerApp.swift */; };
		BFB925912991E8BB00ECFEB1 /* LITTabView.swift in Sources */ = {isa = PBXBuildFile; fileRef = BFB925902991E8BB00ECFEB1 /* LITTabView.swift */; };
		BFB925932991E8BB00ECFEB1 /* Assets.xcassets in Resources */ = {isa = PBXBuildFile; fileRef = BFB925922991E8BB00ECFEB1 /* Assets.xcassets */; };
		BFB925962991E8BB00ECFEB1 /* Preview Assets.xcassets in Resources */ = {isa = PBXBuildFile; fileRef = BFB925952991E8BB00ECFEB1 /* Preview Assets.xcassets */; };
		BFB925A42991E96900ECFEB1 /* LITDayTabView.swift in Sources */ = {isa = PBXBuildFile; fileRef = BFB925A32991E96900ECFEB1 /* LITDayTabView.swift */; };
		BFB925A62991E97700ECFEB1 /* LITStatsTabView.swift in Sources */ = {isa = PBXBuildFile; fileRef = BFB925A52991E97700ECFEB1 /* LITStatsTabView.swift */; };
		BFB925A82991E98500ECFEB1 /* LITSettingsTabView.swift in Sources */ = {isa = PBXBuildFile; fileRef = BFB925A72991E98500ECFEB1 /* LITSettingsTabView.swift */; };
		BFB925AA2991EAD600ECFEB1 /* LITGreetingView.swift in Sources */ = {isa = PBXBuildFile; fileRef = BFB925A92991EAD600ECFEB1 /* LITGreetingView.swift */; };
		BFB925AD2991F11800ECFEB1 /* Color+Ext.swift in Sources */ = {isa = PBXBuildFile; fileRef = BFB925AC2991F11800ECFEB1 /* Color+Ext.swift */; };
		BFB925B12991F50C00ECFEB1 /* LITDayProgressBarView.swift in Sources */ = {isa = PBXBuildFile; fileRef = BFB925B02991F50C00ECFEB1 /* LITDayProgressBarView.swift */; };
		BFB925B32991F58100ECFEB1 /* LITDayListView.swift in Sources */ = {isa = PBXBuildFile; fileRef = BFB925B22991F58100ECFEB1 /* LITDayListView.swift */; };
/* End PBXBuildFile section */

/* Begin PBXFileReference section */
		BFB9258B2991E8BB00ECFEB1 /* Liquid Intake Tracker.app */ = {isa = PBXFileReference; explicitFileType = wrapper.application; includeInIndex = 0; path = "Liquid Intake Tracker.app"; sourceTree = BUILT_PRODUCTS_DIR; };
		BFB9258E2991E8BB00ECFEB1 /* Liquid_Intake_TrackerApp.swift */ = {isa = PBXFileReference; lastKnownFileType = sourcecode.swift; path = Liquid_Intake_TrackerApp.swift; sourceTree = "<group>"; };
		BFB925902991E8BB00ECFEB1 /* LITTabView.swift */ = {isa = PBXFileReference; lastKnownFileType = sourcecode.swift; path = LITTabView.swift; sourceTree = "<group>"; };
		BFB925922991E8BB00ECFEB1 /* Assets.xcassets */ = {isa = PBXFileReference; lastKnownFileType = folder.assetcatalog; path = Assets.xcassets; sourceTree = "<group>"; };
		BFB925952991E8BB00ECFEB1 /* Preview Assets.xcassets */ = {isa = PBXFileReference; lastKnownFileType = folder.assetcatalog; path = "Preview Assets.xcassets"; sourceTree = "<group>"; };
		BFB925A32991E96900ECFEB1 /* LITDayTabView.swift */ = {isa = PBXFileReference; lastKnownFileType = sourcecode.swift; path = LITDayTabView.swift; sourceTree = "<group>"; };
		BFB925A52991E97700ECFEB1 /* LITStatsTabView.swift */ = {isa = PBXFileReference; lastKnownFileType = sourcecode.swift; path = LITStatsTabView.swift; sourceTree = "<group>"; };
		BFB925A72991E98500ECFEB1 /* LITSettingsTabView.swift */ = {isa = PBXFileReference; lastKnownFileType = sourcecode.swift; path = LITSettingsTabView.swift; sourceTree = "<group>"; };
		BFB925A92991EAD600ECFEB1 /* LITGreetingView.swift */ = {isa = PBXFileReference; lastKnownFileType = sourcecode.swift; path = LITGreetingView.swift; sourceTree = "<group>"; };
		BFB925AC2991F11800ECFEB1 /* Color+Ext.swift */ = {isa = PBXFileReference; lastKnownFileType = sourcecode.swift; path = "Color+Ext.swift"; sourceTree = "<group>"; };
		BFB925B02991F50C00ECFEB1 /* LITDayProgressBarView.swift */ = {isa = PBXFileReference; lastKnownFileType = sourcecode.swift; path = LITDayProgressBarView.swift; sourceTree = "<group>"; };
		BFB925B22991F58100ECFEB1 /* LITDayListView.swift */ = {isa = PBXFileReference; lastKnownFileType = sourcecode.swift; path = LITDayListView.swift; sourceTree = "<group>"; };
/* End PBXFileReference section */

/* Begin PBXFrameworksBuildPhase section */
		BFB925882991E8BB00ECFEB1 /* Frameworks */ = {
			isa = PBXFrameworksBuildPhase;
			buildActionMask = 2147483647;
			files = (
			);
			runOnlyForDeploymentPostprocessing = 0;
		};
/* End PBXFrameworksBuildPhase section */

/* Begin PBXGroup section */
		BFB925822991E8BB00ECFEB1 = {
			isa = PBXGroup;
			children = (
				BFB9258D2991E8BB00ECFEB1 /* Liquid Intake Tracker */,
				BFB9258C2991E8BB00ECFEB1 /* Products */,
			);
			sourceTree = "<group>";
		};
		BFB9258C2991E8BB00ECFEB1 /* Products */ = {
			isa = PBXGroup;
			children = (
				BFB9258B2991E8BB00ECFEB1 /* Liquid Intake Tracker.app */,
			);
			name = Products;
			sourceTree = "<group>";
		};
		BFB9258D2991E8BB00ECFEB1 /* Liquid Intake Tracker */ = {
			isa = PBXGroup;
			children = (
				BFB925AB2991F0F500ECFEB1 /* Extensions */,
				BFB9259E2991E8D900ECFEB1 /* Data */,
				BFB9259D2991E8D000ECFEB1 /* Models */,
				BFB9259C2991E8C400ECFEB1 /* Views */,
				BFB9258E2991E8BB00ECFEB1 /* Liquid_Intake_TrackerApp.swift */,
				BFB925922991E8BB00ECFEB1 /* Assets.xcassets */,
				BFB925942991E8BB00ECFEB1 /* Preview Content */,
			);
			path = "Liquid Intake Tracker";
			sourceTree = "<group>";
		};
		BFB925942991E8BB00ECFEB1 /* Preview Content */ = {
			isa = PBXGroup;
			children = (
				BFB925952991E8BB00ECFEB1 /* Preview Assets.xcassets */,
			);
			path = "Preview Content";
			sourceTree = "<group>";
		};
		BFB9259C2991E8C400ECFEB1 /* Views */ = {
			isa = PBXGroup;
			children = (
				BFB9259F2991E92600ECFEB1 /* Tabs */,
			);
			path = Views;
			sourceTree = "<group>";
		};
		BFB9259D2991E8D000ECFEB1 /* Models */ = {
			isa = PBXGroup;
			children = (
			);
			path = Models;
			sourceTree = "<group>";
		};
		BFB9259E2991E8D900ECFEB1 /* Data */ = {
			isa = PBXGroup;
			children = (
			);
			path = Data;
			sourceTree = "<group>";
		};
		BFB9259F2991E92600ECFEB1 /* Tabs */ = {
			isa = PBXGroup;
			children = (
				BFB925A02991E93000ECFEB1 /* Day */,
				BFB925A12991E94000ECFEB1 /* Stats */,
				BFB925A22991E94A00ECFEB1 /* Settings */,
				BFB925902991E8BB00ECFEB1 /* LITTabView.swift */,
			);
			path = Tabs;
			sourceTree = "<group>";
		};
		BFB925A02991E93000ECFEB1 /* Day */ = {
			isa = PBXGroup;
			children = (
				BFB925A32991E96900ECFEB1 /* LITDayTabView.swift */,
				BFB925A92991EAD600ECFEB1 /* LITGreetingView.swift */,
				BFB925B02991F50C00ECFEB1 /* LITDayProgressBarView.swift */,
				BFB925B22991F58100ECFEB1 /* LITDayListView.swift */,
			);
			path = Day;
			sourceTree = "<group>";
		};
		BFB925A12991E94000ECFEB1 /* Stats */ = {
			isa = PBXGroup;
			children = (
				BFB925A52991E97700ECFEB1 /* LITStatsTabView.swift */,
			);
			path = Stats;
			sourceTree = "<group>";
		};
		BFB925A22991E94A00ECFEB1 /* Settings */ = {
			isa = PBXGroup;
			children = (
				BFB925A72991E98500ECFEB1 /* LITSettingsTabView.swift */,
			);
			path = Settings;
			sourceTree = "<group>";
		};
		BFB925AB2991F0F500ECFEB1 /* Extensions */ = {
			isa = PBXGroup;
			children = (
				BFB925AC2991F11800ECFEB1 /* Color+Ext.swift */,
			);
			path = Extensions;
			sourceTree = "<group>";
		};
/* End PBXGroup section */

/* Begin PBXNativeTarget section */
		BFB9258A2991E8BB00ECFEB1 /* Liquid Intake Tracker */ = {
			isa = PBXNativeTarget;
			buildConfigurationList = BFB925992991E8BB00ECFEB1 /* Build configuration list for PBXNativeTarget "Liquid Intake Tracker" */;
			buildPhases = (
				BFB925872991E8BB00ECFEB1 /* Sources */,
				BFB925882991E8BB00ECFEB1 /* Frameworks */,
				BFB925892991E8BB00ECFEB1 /* Resources */,
			);
			buildRules = (
			);
			dependencies = (
			);
			name = "Liquid Intake Tracker";
			productName = "Liquid Intake Tracker";
			productReference = BFB9258B2991E8BB00ECFEB1 /* Liquid Intake Tracker.app */;
			productType = "com.apple.product-type.application";
		};
/* End PBXNativeTarget section */

/* Begin PBXProject section */
		BFB925832991E8BB00ECFEB1 /* Project object */ = {
			isa = PBXProject;
			attributes = {
				BuildIndependentTargetsInParallel = 1;
				LastSwiftUpdateCheck = 1420;
				LastUpgradeCheck = 1420;
				TargetAttributes = {
					BFB9258A2991E8BB00ECFEB1 = {
						CreatedOnToolsVersion = 14.2;
					};
				};
			};
			buildConfigurationList = BFB925862991E8BB00ECFEB1 /* Build configuration list for PBXProject "Liquid Intake Tracker" */;
			compatibilityVersion = "Xcode 14.0";
			developmentRegion = en;
			hasScannedForEncodings = 0;
			knownRegions = (
				en,
				Base,
			);
			mainGroup = BFB925822991E8BB00ECFEB1;
			productRefGroup = BFB9258C2991E8BB00ECFEB1 /* Products */;
			projectDirPath = "";
			projectRoot = "";
			targets = (
				BFB9258A2991E8BB00ECFEB1 /* Liquid Intake Tracker */,
			);
		};
/* End PBXProject section */

/* Begin PBXResourcesBuildPhase section */
		BFB925892991E8BB00ECFEB1 /* Resources */ = {
			isa = PBXResourcesBuildPhase;
			buildActionMask = 2147483647;
			files = (
				BFB925962991E8BB00ECFEB1 /* Preview Assets.xcassets in Resources */,
				BFB925932991E8BB00ECFEB1 /* Assets.xcassets in Resources */,
			);
			runOnlyForDeploymentPostprocessing = 0;
		};
/* End PBXResourcesBuildPhase section */

/* Begin PBXSourcesBuildPhase section */
		BFB925872991E8BB00ECFEB1 /* Sources */ = {
			isa = PBXSourcesBuildPhase;
			buildActionMask = 2147483647;
			files = (
				BFB925912991E8BB00ECFEB1 /* LITTabView.swift in Sources */,
				BFB925B32991F58100ECFEB1 /* LITDayListView.swift in Sources */,
				BFB925AD2991F11800ECFEB1 /* Color+Ext.swift in Sources */,
				BFB925AA2991EAD600ECFEB1 /* LITGreetingView.swift in Sources */,
				BFB9258F2991E8BB00ECFEB1 /* Liquid_Intake_TrackerApp.swift in Sources */,
				BFB925A62991E97700ECFEB1 /* LITStatsTabView.swift in Sources */,
				BFB925A42991E96900ECFEB1 /* LITDayTabView.swift in Sources */,
				BFB925B12991F50C00ECFEB1 /* LITDayProgressBarView.swift in Sources */,
				BFB925A82991E98500ECFEB1 /* LITSettingsTabView.swift in Sources */,
			);
			runOnlyForDeploymentPostprocessing = 0;
		};
/* End PBXSourcesBuildPhase section */

/* Begin XCBuildConfiguration section */
		BFB925972991E8BB00ECFEB1 /* Debug */ = {
			isa = XCBuildConfiguration;
			buildSettings = {
				ALWAYS_SEARCH_USER_PATHS = NO;
				CLANG_ANALYZER_NONNULL = YES;
				CLANG_ANALYZER_NUMBER_OBJECT_CONVERSION = YES_AGGRESSIVE;
				CLANG_CXX_LANGUAGE_STANDARD = "gnu++20";
				CLANG_ENABLE_MODULES = YES;
				CLANG_ENABLE_OBJC_ARC = YES;
				CLANG_ENABLE_OBJC_WEAK = YES;
				CLANG_WARN_BLOCK_CAPTURE_AUTORELEASING = YES;
				CLANG_WARN_BOOL_CONVERSION = YES;
				CLANG_WARN_COMMA = YES;
				CLANG_WARN_CONSTANT_CONVERSION = YES;
				CLANG_WARN_DEPRECATED_OBJC_IMPLEMENTATIONS = YES;
				CLANG_WARN_DIRECT_OBJC_ISA_USAGE = YES_ERROR;
				CLANG_WARN_DOCUMENTATION_COMMENTS = YES;
				CLANG_WARN_EMPTY_BODY = YES;
				CLANG_WARN_ENUM_CONVERSION = YES;
				CLANG_WARN_INFINITE_RECURSION = YES;
				CLANG_WARN_INT_CONVERSION = YES;
				CLANG_WARN_NON_LITERAL_NULL_CONVERSION = YES;
				CLANG_WARN_OBJC_IMPLICIT_RETAIN_SELF = YES;
				CLANG_WARN_OBJC_LITERAL_CONVERSION = YES;
				CLANG_WARN_OBJC_ROOT_CLASS = YES_ERROR;
				CLANG_WARN_QUOTED_INCLUDE_IN_FRAMEWORK_HEADER = YES;
				CLANG_WARN_RANGE_LOOP_ANALYSIS = YES;
				CLANG_WARN_STRICT_PROTOTYPES = YES;
				CLANG_WARN_SUSPICIOUS_MOVE = YES;
				CLANG_WARN_UNGUARDED_AVAILABILITY = YES_AGGRESSIVE;
				CLANG_WARN_UNREACHABLE_CODE = YES;
				CLANG_WARN__DUPLICATE_METHOD_MATCH = YES;
				COPY_PHASE_STRIP = NO;
				DEBUG_INFORMATION_FORMAT = dwarf;
				ENABLE_STRICT_OBJC_MSGSEND = YES;
				ENABLE_TESTABILITY = YES;
				GCC_C_LANGUAGE_STANDARD = gnu11;
				GCC_DYNAMIC_NO_PIC = NO;
				GCC_NO_COMMON_BLOCKS = YES;
				GCC_OPTIMIZATION_LEVEL = 0;
				GCC_PREPROCESSOR_DEFINITIONS = (
					"DEBUG=1",
					"$(inherited)",
				);
				GCC_WARN_64_TO_32_BIT_CONVERSION = YES;
				GCC_WARN_ABOUT_RETURN_TYPE = YES_ERROR;
				GCC_WARN_UNDECLARED_SELECTOR = YES;
				GCC_WARN_UNINITIALIZED_AUTOS = YES_AGGRESSIVE;
				GCC_WARN_UNUSED_FUNCTION = YES;
				GCC_WARN_UNUSED_VARIABLE = YES;
				IPHONEOS_DEPLOYMENT_TARGET = 16.2;
				MTL_ENABLE_DEBUG_INFO = INCLUDE_SOURCE;
				MTL_FAST_MATH = YES;
				ONLY_ACTIVE_ARCH = YES;
				SDKROOT = iphoneos;
				SWIFT_ACTIVE_COMPILATION_CONDITIONS = DEBUG;
				SWIFT_OPTIMIZATION_LEVEL = "-Onone";
			};
			name = Debug;
		};
		BFB925982991E8BB00ECFEB1 /* Release */ = {
			isa = XCBuildConfiguration;
			buildSettings = {
				ALWAYS_SEARCH_USER_PATHS = NO;
				CLANG_ANALYZER_NONNULL = YES;
				CLANG_ANALYZER_NUMBER_OBJECT_CONVERSION = YES_AGGRESSIVE;
				CLANG_CXX_LANGUAGE_STANDARD = "gnu++20";
				CLANG_ENABLE_MODULES = YES;
				CLANG_ENABLE_OBJC_ARC = YES;
				CLANG_ENABLE_OBJC_WEAK = YES;
				CLANG_WARN_BLOCK_CAPTURE_AUTORELEASING = YES;
				CLANG_WARN_BOOL_CONVERSION = YES;
				CLANG_WARN_COMMA = YES;
				CLANG_WARN_CONSTANT_CONVERSION = YES;
				CLANG_WARN_DEPRECATED_OBJC_IMPLEMENTATIONS = YES;
				CLANG_WARN_DIRECT_OBJC_ISA_USAGE = YES_ERROR;
				CLANG_WARN_DOCUMENTATION_COMMENTS = YES;
				CLANG_WARN_EMPTY_BODY = YES;
				CLANG_WARN_ENUM_CONVERSION = YES;
				CLANG_WARN_INFINITE_RECURSION = YES;
				CLANG_WARN_INT_CONVERSION = YES;
				CLANG_WARN_NON_LITERAL_NULL_CONVERSION = YES;
				CLANG_WARN_OBJC_IMPLICIT_RETAIN_SELF = YES;
				CLANG_WARN_OBJC_LITERAL_CONVERSION = YES;
				CLANG_WARN_OBJC_ROOT_CLASS = YES_ERROR;
				CLANG_WARN_QUOTED_INCLUDE_IN_FRAMEWORK_HEADER = YES;
				CLANG_WARN_RANGE_LOOP_ANALYSIS = YES;
				CLANG_WARN_STRICT_PROTOTYPES = YES;
				CLANG_WARN_SUSPICIOUS_MOVE = YES;
				CLANG_WARN_UNGUARDED_AVAILABILITY = YES_AGGRESSIVE;
				CLANG_WARN_UNREACHABLE_CODE = YES;
				CLANG_WARN__DUPLICATE_METHOD_MATCH = YES;
				COPY_PHASE_STRIP = NO;
				DEBUG_INFORMATION_FORMAT = "dwarf-with-dsym";
				ENABLE_NS_ASSERTIONS = NO;
				ENABLE_STRICT_OBJC_MSGSEND = YES;
				GCC_C_LANGUAGE_STANDARD = gnu11;
				GCC_NO_COMMON_BLOCKS = YES;
				GCC_WARN_64_TO_32_BIT_CONVERSION = YES;
				GCC_WARN_ABOUT_RETURN_TYPE = YES_ERROR;
				GCC_WARN_UNDECLARED_SELECTOR = YES;
				GCC_WARN_UNINITIALIZED_AUTOS = YES_AGGRESSIVE;
				GCC_WARN_UNUSED_FUNCTION = YES;
				GCC_WARN_UNUSED_VARIABLE = YES;
				IPHONEOS_DEPLOYMENT_TARGET = 16.2;
				MTL_ENABLE_DEBUG_INFO = NO;
				MTL_FAST_MATH = YES;
				SDKROOT = iphoneos;
				SWIFT_COMPILATION_MODE = wholemodule;
				SWIFT_OPTIMIZATION_LEVEL = "-O";
				VALIDATE_PRODUCT = YES;
			};
			name = Release;
		};
		BFB9259A2991E8BB00ECFEB1 /* Debug */ = {
			isa = XCBuildConfiguration;
			buildSettings = {
				ASSETCATALOG_COMPILER_APPICON_NAME = AppIcon;
				ASSETCATALOG_COMPILER_GLOBAL_ACCENT_COLOR_NAME = AccentColor;
				CODE_SIGN_STYLE = Automatic;
				CURRENT_PROJECT_VERSION = 1;
				DEVELOPMENT_ASSET_PATHS = "\"Liquid Intake Tracker/Preview Content\"";
				DEVELOPMENT_TEAM = 6N6N73V349;
				ENABLE_PREVIEWS = YES;
				GENERATE_INFOPLIST_FILE = YES;
				INFOPLIST_KEY_UIApplicationSceneManifest_Generation = YES;
				INFOPLIST_KEY_UIApplicationSupportsIndirectInputEvents = YES;
				INFOPLIST_KEY_UILaunchScreen_Generation = YES;
				INFOPLIST_KEY_UISupportedInterfaceOrientations_iPad = "UIInterfaceOrientationPortrait UIInterfaceOrientationPortraitUpsideDown UIInterfaceOrientationLandscapeLeft UIInterfaceOrientationLandscapeRight";
				INFOPLIST_KEY_UISupportedInterfaceOrientations_iPhone = "UIInterfaceOrientationPortrait UIInterfaceOrientationLandscapeLeft UIInterfaceOrientationLandscapeRight";
				LD_RUNPATH_SEARCH_PATHS = (
					"$(inherited)",
					"@executable_path/Frameworks",
				);
				MARKETING_VERSION = 1.0;
				PRODUCT_BUNDLE_IDENTIFIER = "com.aleksei.pokolev.liquid-intake-tracker.Liquid-Intake-Tracker";
				PRODUCT_NAME = "$(TARGET_NAME)";
				SUPPORTED_PLATFORMS = "iphoneos iphonesimulator";
				SUPPORTS_MACCATALYST = NO;
				SUPPORTS_MAC_DESIGNED_FOR_IPHONE_IPAD = NO;
				SWIFT_EMIT_LOC_STRINGS = YES;
				SWIFT_VERSION = 5.0;
				TARGETED_DEVICE_FAMILY = 1;
			};
			name = Debug;
		};
		BFB9259B2991E8BB00ECFEB1 /* Release */ = {
			isa = XCBuildConfiguration;
			buildSettings = {
				ASSETCATALOG_COMPILER_APPICON_NAME = AppIcon;
				ASSETCATALOG_COMPILER_GLOBAL_ACCENT_COLOR_NAME = AccentColor;
				CODE_SIGN_STYLE = Automatic;
				CURRENT_PROJECT_VERSION = 1;
				DEVELOPMENT_ASSET_PATHS = "\"Liquid Intake Tracker/Preview Content\"";
				DEVELOPMENT_TEAM = 6N6N73V349;
				ENABLE_PREVIEWS = YES;
				GENERATE_INFOPLIST_FILE = YES;
				INFOPLIST_KEY_UIApplicationSceneManifest_Generation = YES;
				INFOPLIST_KEY_UIApplicationSupportsIndirectInputEvents = YES;
				INFOPLIST_KEY_UILaunchScreen_Generation = YES;
				INFOPLIST_KEY_UISupportedInterfaceOrientations_iPad = "UIInterfaceOrientationPortrait UIInterfaceOrientationPortraitUpsideDown UIInterfaceOrientationLandscapeLeft UIInterfaceOrientationLandscapeRight";
				INFOPLIST_KEY_UISupportedInterfaceOrientations_iPhone = "UIInterfaceOrientationPortrait UIInterfaceOrientationLandscapeLeft UIInterfaceOrientationLandscapeRight";
				LD_RUNPATH_SEARCH_PATHS = (
					"$(inherited)",
					"@executable_path/Frameworks",
				);
				MARKETING_VERSION = 1.0;
				PRODUCT_BUNDLE_IDENTIFIER = "com.aleksei.pokolev.liquid-intake-tracker.Liquid-Intake-Tracker";
				PRODUCT_NAME = "$(TARGET_NAME)";
				SUPPORTED_PLATFORMS = "iphoneos iphonesimulator";
				SUPPORTS_MACCATALYST = NO;
				SUPPORTS_MAC_DESIGNED_FOR_IPHONE_IPAD = NO;
				SWIFT_EMIT_LOC_STRINGS = YES;
				SWIFT_VERSION = 5.0;
				TARGETED_DEVICE_FAMILY = 1;
			};
			name = Release;
		};
/* End XCBuildConfiguration section */

/* Begin XCConfigurationList section */
		BFB925862991E8BB00ECFEB1 /* Build configuration list for PBXProject "Liquid Intake Tracker" */ = {
			isa = XCConfigurationList;
			buildConfigurations = (
				BFB925972991E8BB00ECFEB1 /* Debug */,
				BFB925982991E8BB00ECFEB1 /* Release */,
			);
			defaultConfigurationIsVisible = 0;
			defaultConfigurationName = Release;
		};
		BFB925992991E8BB00ECFEB1 /* Build configuration list for PBXNativeTarget "Liquid Intake Tracker" */ = {
			isa = XCConfigurationList;
			buildConfigurations = (
				BFB9259A2991E8BB00ECFEB1 /* Debug */,
				BFB9259B2991E8BB00ECFEB1 /* Release */,
			);
			defaultConfigurationIsVisible = 0;
			defaultConfigurationName = Release;
		};
/* End XCConfigurationList section */
	};
	rootObject = BFB925832991E8BB00ECFEB1 /* Project object */;
}
